
Microsoft Visual Studio Solution File, Format Version 12.00
Project("{FAE04EC0-301F-11D3-BF4B-00C04F79EFBC}") = "Plutus.Domain", "Plutus.Domain\Plutus.Domain.csproj", "{028A249C-FD37-48C2-B0B2-3513A66B9C9D}"
EndProject
Project("{FAE04EC0-301F-11D3-BF4B-00C04F79EFBC}") = "Plutus.CLI", "Plutus.CLI\Plutus.CLI.csproj", "{5026EBD5-5D3B-4614-9E86-249D03DF5120}"
EndProject
Project("{FAE04EC0-301F-11D3-BF4B-00C04F79EFBC}") = "Plutus.Infrastructure", "Plutus.Infrastructure\Plutus.Infrastructure.csproj", "{C60E2ED6-3940-4F30-91BC-4F6E8014C422}"
EndProject
Global
	GlobalSection(SolutionConfigurationPlatforms) = preSolution
		Debug|Any CPU = Debug|Any CPU
		Release|Any CPU = Release|Any CPU
	EndGlobalSection
	GlobalSection(ProjectConfigurationPlatforms) = postSolution
		{028A249C-FD37-48C2-B0B2-3513A66B9C9D}.Debug|Any CPU.ActiveCfg = Debug|Any CPU
		{028A249C-FD37-48C2-B0B2-3513A66B9C9D}.Debug|Any CPU.Build.0 = Debug|Any CPU
		{028A249C-FD37-48C2-B0B2-3513A66B9C9D}.Release|Any CPU.ActiveCfg = Release|Any CPU
		{028A249C-FD37-48C2-B0B2-3513A66B9C9D}.Release|Any CPU.Build.0 = Release|Any CPU
		{5026EBD5-5D3B-4614-9E86-249D03DF5120}.Debug|Any CPU.ActiveCfg = Debug|Any CPU
		{5026EBD5-5D3B-4614-9E86-249D03DF5120}.Debug|Any CPU.Build.0 = Debug|Any CPU
		{5026EBD5-5D3B-4614-9E86-249D03DF5120}.Release|Any CPU.ActiveCfg = Release|Any CPU
		{5026EBD5-5D3B-4614-9E86-249D03DF5120}.Release|Any CPU.Build.0 = Release|Any CPU
		{C60E2ED6-3940-4F30-91BC-4F6E8014C422}.Debug|Any CPU.ActiveCfg = Debug|Any CPU
		{C60E2ED6-3940-4F30-91BC-4F6E8014C422}.Debug|Any CPU.Build.0 = Debug|Any CPU
		{C60E2ED6-3940-4F30-91BC-4F6E8014C422}.Release|Any CPU.ActiveCfg = Release|Any CPU
		{C60E2ED6-3940-4F30-91BC-4F6E8014C422}.Release|Any CPU.Build.0 = Release|Any CPU
	EndGlobalSection
EndGlobal
